// !$*UTF8*$!
{
	archiveVersion = 1;
	classes = {
	};
	objectVersion = 46;
	objects = {

/* Begin PBXBuildFile section */
		7A25D03C1B97A355009AB41B /* movie_quote.mp3 in Resources */ = {isa = PBXBuildFile; fileRef = 7A25D03B1B97A355009AB41B /* movie_quote.mp3 */; };
		7A25D03E1B97A90A009AB41B /* PlaySoundsViewController.swift in Sources */ = {isa = PBXBuildFile; fileRef = 7A25D03D1B97A90A009AB41B /* PlaySoundsViewController.swift */; };
		7A2FACA01BBF59F100F2EE6A /* Paperwork in Resources */ = {isa = PBXBuildFile; fileRef = 7A2FAC9F1BBF59F100F2EE6A /* Paperwork */; settings = {ASSET_TAGS = (); }; };
		7A9BCE081B96F07000F18B9D /* AppDelegate.swift in Sources */ = {isa = PBXBuildFile; fileRef = 7A9BCE071B96F07000F18B9D /* AppDelegate.swift */; };
		7A9BCE0A1B96F07000F18B9D /* RecordSoundsViewController.swift in Sources */ = {isa = PBXBuildFile; fileRef = 7A9BCE091B96F07000F18B9D /* RecordSoundsViewController.swift */; };
		7A9BCE0D1B96F07000F18B9D /* Main.storyboard in Resources */ = {isa = PBXBuildFile; fileRef = 7A9BCE0B1B96F07000F18B9D /* Main.storyboard */; };
		7A9BCE0F1B96F07000F18B9D /* Images.xcassets in Resources */ = {isa = PBXBuildFile; fileRef = 7A9BCE0E1B96F07000F18B9D /* Images.xcassets */; };
		7A9BCE121B96F07000F18B9D /* LaunchScreen.xib in Resources */ = {isa = PBXBuildFile; fileRef = 7A9BCE101B96F07000F18B9D /* LaunchScreen.xib */; };
		7A9BCE1E1B96F07000F18B9D /* Pitch_PerfectTests.swift in Sources */ = {isa = PBXBuildFile; fileRef = 7A9BCE1D1B96F07000F18B9D /* Pitch_PerfectTests.swift */; };
		7AE449021BA0EE9800E25198 /* RecordedAudio.swift in Sources */ = {isa = PBXBuildFile; fileRef = 7AE449011BA0EE9800E25198 /* RecordedAudio.swift */; };
/* End PBXBuildFile section */

/* Begin PBXContainerItemProxy section */
		7A9BCE181B96F07000F18B9D /* PBXContainerItemProxy */ = {
			isa = PBXContainerItemProxy;
			containerPortal = 7A9BCDFA1B96F07000F18B9D /* Project object */;
			proxyType = 1;
			remoteGlobalIDString = 7A9BCE011B96F07000F18B9D;
			remoteInfo = "Pitch Perfect";
		};
/* End PBXContainerItemProxy section */

/* Begin PBXFileReference section */
		7A25D03B1B97A355009AB41B /* movie_quote.mp3 */ = {isa = PBXFileReference; lastKnownFileType = audio.mp3; path = movie_quote.mp3; sourceTree = "<group>"; };
		7A25D03D1B97A90A009AB41B /* PlaySoundsViewController.swift */ = {isa = PBXFileReference; fileEncoding = 4; lastKnownFileType = sourcecode.swift; path = PlaySoundsViewController.swift; sourceTree = "<group>"; };
		7A2FAC9F1BBF59F100F2EE6A /* Paperwork */ = {isa = PBXFileReference; lastKnownFileType = folder; path = Paperwork; sourceTree = "<group>"; };
		7A9BCE021B96F07000F18B9D /* Pitch Perfect.app */ = {isa = PBXFileReference; explicitFileType = wrapper.application; includeInIndex = 0; path = "Pitch Perfect.app"; sourceTree = BUILT_PRODUCTS_DIR; };
		7A9BCE061B96F07000F18B9D /* Info.plist */ = {isa = PBXFileReference; lastKnownFileType = text.plist.xml; path = Info.plist; sourceTree = "<group>"; };
		7A9BCE071B96F07000F18B9D /* AppDelegate.swift */ = {isa = PBXFileReference; lastKnownFileType = sourcecode.swift; path = AppDelegate.swift; sourceTree = "<group>"; };
		7A9BCE091B96F07000F18B9D /* RecordSoundsViewController.swift */ = {isa = PBXFileReference; lastKnownFileType = sourcecode.swift; path = RecordSoundsViewController.swift; sourceTree = "<group>"; };
		7A9BCE0C1B96F07000F18B9D /* Base */ = {isa = PBXFileReference; lastKnownFileType = file.storyboard; name = Base; path = Base.lproj/Main.storyboard; sourceTree = "<group>"; };
		7A9BCE0E1B96F07000F18B9D /* Images.xcassets */ = {isa = PBXFileReference; lastKnownFileType = folder.assetcatalog; path = Images.xcassets; sourceTree = "<group>"; };
		7A9BCE111B96F07000F18B9D /* Base */ = {isa = PBXFileReference; lastKnownFileType = file.xib; name = Base; path = Base.lproj/LaunchScreen.xib; sourceTree = "<group>"; };
		7A9BCE171B96F07000F18B9D /* Pitch PerfectTests.xctest */ = {isa = PBXFileReference; explicitFileType = wrapper.cfbundle; includeInIndex = 0; path = "Pitch PerfectTests.xctest"; sourceTree = BUILT_PRODUCTS_DIR; };
		7A9BCE1C1B96F07000F18B9D /* Info.plist */ = {isa = PBXFileReference; lastKnownFileType = text.plist.xml; path = Info.plist; sourceTree = "<group>"; };
		7A9BCE1D1B96F07000F18B9D /* Pitch_PerfectTests.swift */ = {isa = PBXFileReference; lastKnownFileType = sourcecode.swift; path = Pitch_PerfectTests.swift; sourceTree = "<group>"; };
		7AE449011BA0EE9800E25198 /* RecordedAudio.swift */ = {isa = PBXFileReference; fileEncoding = 4; lastKnownFileType = sourcecode.swift; path = RecordedAudio.swift; sourceTree = "<group>"; };
/* End PBXFileReference section */

/* Begin PBXFrameworksBuildPhase section */
		7A9BCDFF1B96F07000F18B9D /* Frameworks */ = {
			isa = PBXFrameworksBuildPhase;
			buildActionMask = 2147483647;
			files = (
			);
			runOnlyForDeploymentPostprocessing = 0;
		};
		7A9BCE141B96F07000F18B9D /* Frameworks */ = {
			isa = PBXFrameworksBuildPhase;
			buildActionMask = 2147483647;
			files = (
			);
			runOnlyForDeploymentPostprocessing = 0;
		};
/* End PBXFrameworksBuildPhase section */

/* Begin PBXGroup section */
		7A9BCDF91B96F07000F18B9D = {
			isa = PBXGroup;
			children = (
				7A9BCE041B96F07000F18B9D /* Pitch Perfect */,
				7A9BCE1A1B96F07000F18B9D /* Pitch PerfectTests */,
				7A9BCE031B96F07000F18B9D /* Products */,
				7A2FAC9F1BBF59F100F2EE6A /* Paperwork */,
			);
			sourceTree = "<group>";
		};
		7A9BCE031B96F07000F18B9D /* Products */ = {
			isa = PBXGroup;
			children = (
				7A9BCE021B96F07000F18B9D /* Pitch Perfect.app */,
				7A9BCE171B96F07000F18B9D /* Pitch PerfectTests.xctest */,
			);
			name = Products;
			sourceTree = "<group>";
		};
		7A9BCE041B96F07000F18B9D /* Pitch Perfect */ = {
			isa = PBXGroup;
			children = (
				7A9BCE071B96F07000F18B9D /* AppDelegate.swift */,
				7A9BCE091B96F07000F18B9D /* RecordSoundsViewController.swift */,
				7A9BCE0B1B96F07000F18B9D /* Main.storyboard */,
				7A9BCE101B96F07000F18B9D /* LaunchScreen.xib */,
				7A9BCE051B96F07000F18B9D /* Supporting Files */,
				7A25D03D1B97A90A009AB41B /* PlaySoundsViewController.swift */,
				7AE449011BA0EE9800E25198 /* RecordedAudio.swift */,
			);
			path = "Pitch Perfect";
			sourceTree = "<group>";
		};
		7A9BCE051B96F07000F18B9D /* Supporting Files */ = {
			isa = PBXGroup;
			children = (
				7A9BCE0E1B96F07000F18B9D /* Images.xcassets */,
				7A25D03B1B97A355009AB41B /* movie_quote.mp3 */,
				7A9BCE061B96F07000F18B9D /* Info.plist */,
			);
			name = "Supporting Files";
			sourceTree = "<group>";
		};
		7A9BCE1A1B96F07000F18B9D /* Pitch PerfectTests */ = {
			isa = PBXGroup;
			children = (
				7A9BCE1D1B96F07000F18B9D /* Pitch_PerfectTests.swift */,
				7A9BCE1B1B96F07000F18B9D /* Supporting Files */,
			);
			path = "Pitch PerfectTests";
			sourceTree = "<group>";
		};
		7A9BCE1B1B96F07000F18B9D /* Supporting Files */ = {
			isa = PBXGroup;
			children = (
				7A9BCE1C1B96F07000F18B9D /* Info.plist */,
			);
			name = "Supporting Files";
			sourceTree = "<group>";
		};
/* End PBXGroup section */

/* Begin PBXNativeTarget section */
		7A9BCE011B96F07000F18B9D /* Pitch Perfect */ = {
			isa = PBXNativeTarget;
			buildConfigurationList = 7A9BCE211B96F07000F18B9D /* Build configuration list for PBXNativeTarget "Pitch Perfect" */;
			buildPhases = (
				7A9BCDFE1B96F07000F18B9D /* Sources */,
				7A9BCDFF1B96F07000F18B9D /* Frameworks */,
				7A9BCE001B96F07000F18B9D /* Resources */,
			);
			buildRules = (
			);
			dependencies = (
			);
			name = "Pitch Perfect";
			productName = "Pitch Perfect";
			productReference = 7A9BCE021B96F07000F18B9D /* Pitch Perfect.app */;
			productType = "com.apple.product-type.application";
		};
		7A9BCE161B96F07000F18B9D /* Pitch PerfectTests */ = {
			isa = PBXNativeTarget;
			buildConfigurationList = 7A9BCE241B96F07000F18B9D /* Build configuration list for PBXNativeTarget "Pitch PerfectTests" */;
			buildPhases = (
				7A9BCE131B96F07000F18B9D /* Sources */,
				7A9BCE141B96F07000F18B9D /* Frameworks */,
				7A9BCE151B96F07000F18B9D /* Resources */,
			);
			buildRules = (
			);
			dependencies = (
				7A9BCE191B96F07000F18B9D /* PBXTargetDependency */,
			);
			name = "Pitch PerfectTests";
			productName = "Pitch PerfectTests";
			productReference = 7A9BCE171B96F07000F18B9D /* Pitch PerfectTests.xctest */;
			productType = "com.apple.product-type.bundle.unit-test";
		};
/* End PBXNativeTarget section */

/* Begin PBXProject section */
		7A9BCDFA1B96F07000F18B9D /* Project object */ = {
			isa = PBXProject;
			attributes = {
				LastUpgradeCheck = 0700;
				ORGANIZATIONNAME = "Gregory White";
				TargetAttributes = {
					7A9BCE011B96F07000F18B9D = {
						CreatedOnToolsVersion = 6.4;
						DevelopmentTeam = G828UK7MUR;
					};
					7A9BCE161B96F07000F18B9D = {
						CreatedOnToolsVersion = 6.4;
						TestTargetID = 7A9BCE011B96F07000F18B9D;
					};
				};
			};
			buildConfigurationList = 7A9BCDFD1B96F07000F18B9D /* Build configuration list for PBXProject "Pitch Perfect" */;
			compatibilityVersion = "Xcode 3.2";
			developmentRegion = English;
			hasScannedForEncodings = 0;
			knownRegions = (
				en,
				Base,
			);
			mainGroup = 7A9BCDF91B96F07000F18B9D;
			productRefGroup = 7A9BCE031B96F07000F18B9D /* Products */;
			projectDirPath = "";
			projectRoot = "";
			targets = (
				7A9BCE011B96F07000F18B9D /* Pitch Perfect */,
				7A9BCE161B96F07000F18B9D /* Pitch PerfectTests */,
			);
		};
/* End PBXProject section */

/* Begin PBXResourcesBuildPhase section */
		7A9BCE001B96F07000F18B9D /* Resources */ = {
			isa = PBXResourcesBuildPhase;
			buildActionMask = 2147483647;
			files = (
				7A9BCE0D1B96F07000F18B9D /* Main.storyboard in Resources */,
				7A9BCE121B96F07000F18B9D /* LaunchScreen.xib in Resources */,
				7A25D03C1B97A355009AB41B /* movie_quote.mp3 in Resources */,
				7A9BCE0F1B96F07000F18B9D /* Images.xcassets in Resources */,
				7A2FACA01BBF59F100F2EE6A /* Paperwork in Resources */,
			);
			runOnlyForDeploymentPostprocessing = 0;
		};
		7A9BCE151B96F07000F18B9D /* Resources */ = {
			isa = PBXResourcesBuildPhase;
			buildActionMask = 2147483647;
			files = (
			);
			runOnlyForDeploymentPostprocessing = 0;
		};
/* End PBXResourcesBuildPhase section */

/* Begin PBXSourcesBuildPhase section */
		7A9BCDFE1B96F07000F18B9D /* Sources */ = {
			isa = PBXSourcesBuildPhase;
			buildActionMask = 2147483647;
			files = (
				7AE449021BA0EE9800E25198 /* RecordedAudio.swift in Sources */,
				7A9BCE0A1B96F07000F18B9D /* RecordSoundsViewController.swift in Sources */,
				7A25D03E1B97A90A009AB41B /* PlaySoundsViewController.swift in Sources */,
				7A9BCE081B96F07000F18B9D /* AppDelegate.swift in Sources */,
			);
			runOnlyForDeploymentPostprocessing = 0;
		};
		7A9BCE131B96F07000F18B9D /* Sources */ = {
			isa = PBXSourcesBuildPhase;
			buildActionMask = 2147483647;
			files = (
				7A9BCE1E1B96F07000F18B9D /* Pitch_PerfectTests.swift in Sources */,
			);
			runOnlyForDeploymentPostprocessing = 0;
		};
/* End PBXSourcesBuildPhase section */

/* Begin PBXTargetDependency section */
		7A9BCE191B96F07000F18B9D /* PBXTargetDependency */ = {
			isa = PBXTargetDependency;
			target = 7A9BCE011B96F07000F18B9D /* Pitch Perfect */;
			targetProxy = 7A9BCE181B96F07000F18B9D /* PBXContainerItemProxy */;
		};
/* End PBXTargetDependency section */

/* Begin PBXVariantGroup section */
		7A9BCE0B1B96F07000F18B9D /* Main.storyboard */ = {
			isa = PBXVariantGroup;
			children = (
				7A9BCE0C1B96F07000F18B9D /* Base */,
			);
			name = Main.storyboard;
			sourceTree = "<group>";
		};
		7A9BCE101B96F07000F18B9D /* LaunchScreen.xib */ = {
			isa = PBXVariantGroup;
			children = (
				7A9BCE111B96F07000F18B9D /* Base */,
			);
			name = LaunchScreen.xib;
			sourceTree = "<group>";
		};
/* End PBXVariantGroup section */

/* Begin XCBuildConfiguration section */
		7A9BCE1F1B96F07000F18B9D /* Debug */ = {
			isa = XCBuildConfiguration;
			buildSettings = {
				ALWAYS_SEARCH_USER_PATHS = NO;
				CLANG_CXX_LANGUAGE_STANDARD = "gnu++0x";
				CLANG_CXX_LIBRARY = "libc++";
				CLANG_ENABLE_MODULES = YES;
				CLANG_ENABLE_OBJC_ARC = YES;
				CLANG_WARN_BOOL_CONVERSION = YES;
				CLANG_WARN_CONSTANT_CONVERSION = YES;
				CLANG_WARN_DIRECT_OBJC_ISA_USAGE = YES_ERROR;
				CLANG_WARN_EMPTY_BODY = YES;
				CLANG_WARN_ENUM_CONVERSION = YES;
				CLANG_WARN_INT_CONVERSION = YES;
				CLANG_WARN_OBJC_ROOT_CLASS = YES_ERROR;
				CLANG_WARN_UNREACHABLE_CODE = YES;
				CLANG_WARN__DUPLICATE_METHOD_MATCH = YES;
				"CODE_SIGN_IDENTITY[sdk=iphoneos*]" = "iPhone Developer";
				COPY_PHASE_STRIP = NO;
				DEBUG_INFORMATION_FORMAT = "dwarf-with-dsym";
				ENABLE_STRICT_OBJC_MSGSEND = YES;
				ENABLE_TESTABILITY = YES;
				GCC_C_LANGUAGE_STANDARD = gnu99;
				GCC_DYNAMIC_NO_PIC = NO;
				GCC_NO_COMMON_BLOCKS = YES;
				GCC_OPTIMIZATION_LEVEL = 0;
				GCC_PREPROCESSOR_DEFINITIONS = (
					"DEBUG=1",
					"$(inherited)",
				);
				GCC_SYMBOLS_PRIVATE_EXTERN = NO;
				GCC_WARN_64_TO_32_BIT_CONVERSION = YES;
				GCC_WARN_ABOUT_RETURN_TYPE = YES_ERROR;
				GCC_WARN_UNDECLARED_SELECTOR = YES;
				GCC_WARN_UNINITIALIZED_AUTOS = YES_AGGRESSIVE;
				GCC_WARN_UNUSED_FUNCTION = YES;
				GCC_WARN_UNUSED_VARIABLE = YES;
				IPHONEOS_DEPLOYMENT_TARGET = 9.0;
				MTL_ENABLE_DEBUG_INFO = YES;
				ONLY_ACTIVE_ARCH = YES;
				SDKROOT = iphoneos;
				SWIFT_OPTIMIZATION_LEVEL = "-Onone";
			};
			name = Debug;
		};
		7A9BCE201B96F07000F18B9D /* Release */ = {
			isa = XCBuildConfiguration;
			buildSettings = {
				ALWAYS_SEARCH_USER_PATHS = NO;
				CLANG_CXX_LANGUAGE_STANDARD = "gnu++0x";
				CLANG_CXX_LIBRARY = "libc++";
				CLANG_ENABLE_MODULES = YES;
				CLANG_ENABLE_OBJC_ARC = YES;
				CLANG_WARN_BOOL_CONVERSION = YES;
				CLANG_WARN_CONSTANT_CONVERSION = YES;
				CLANG_WARN_DIRECT_OBJC_ISA_USAGE = YES_ERROR;
				CLANG_WARN_EMPTY_BODY = YES;
				CLANG_WARN_ENUM_CONVERSION = YES;
				CLANG_WARN_INT_CONVERSION = YES;
				CLANG_WARN_OBJC_ROOT_CLASS = YES_ERROR;
				CLANG_WARN_UNREACHABLE_CODE = YES;
				CLANG_WARN__DUPLICATE_METHOD_MATCH = YES;
				"CODE_SIGN_IDENTITY[sdk=iphoneos*]" = "iPhone Developer";
				COPY_PHASE_STRIP = NO;
				DEBUG_INFORMATION_FORMAT = "dwarf-with-dsym";
				ENABLE_NS_ASSERTIONS = NO;
				ENABLE_STRICT_OBJC_MSGSEND = YES;
				GCC_C_LANGUAGE_STANDARD = gnu99;
				GCC_NO_COMMON_BLOCKS = YES;
				GCC_WARN_64_TO_32_BIT_CONVERSION = YES;
				GCC_WARN_ABOUT_RETURN_TYPE = YES_ERROR;
				GCC_WARN_UNDECLARED_SELECTOR = YES;
				GCC_WARN_UNINITIALIZED_AUTOS = YES_AGGRESSIVE;
				GCC_WARN_UNUSED_FUNCTION = YES;
				GCC_WARN_UNUSED_VARIABLE = YES;
				IPHONEOS_DEPLOYMENT_TARGET = 9.0;
				MTL_ENABLE_DEBUG_INFO = NO;
				SDKROOT = iphoneos;
				VALIDATE_PRODUCT = YES;
			};
			name = Release;
		};
		7A9BCE221B96F07000F18B9D /* Debug */ = {
			isa = XCBuildConfiguration;
			buildSettings = {
				ASSETCATALOG_COMPILER_APPICON_NAME = AppIcon;
				CODE_SIGN_IDENTITY = "iPhone Developer";
				INFOPLIST_FILE = "Pitch Perfect/Info.plist";
				LD_RUNPATH_SEARCH_PATHS = "$(inherited) @executable_path/Frameworks";
				PRODUCT_BUNDLE_IDENTIFIER = "com.gaw3.$(PRODUCT_NAME:rfc1034identifier)";
				PRODUCT_NAME = "$(TARGET_NAME)";
			};
			name = Debug;
		};
		7A9BCE231B96F07000F18B9D /* Release */ = {
			isa = XCBuildConfiguration;
			buildSettings = {
				ASSETCATALOG_COMPILER_APPICON_NAME = AppIcon;
				CODE_SIGN_IDENTITY = "iPhone Developer";
				INFOPLIST_FILE = "Pitch Perfect/Info.plist";
				LD_RUNPATH_SEARCH_PATHS = "$(inherited) @executable_path/Frameworks";
				PRODUCT_BUNDLE_IDENTIFIER = "com.gaw3.$(PRODUCT_NAME:rfc1034identifier)";
				PRODUCT_NAME = "$(TARGET_NAME)";
			};
			name = Release;
		};
		7A9BCE251B96F07000F18B9D /* Debug */ = {
			isa = XCBuildConfiguration;
			buildSettings = {
				BUNDLE_LOADER = "$(TEST_HOST)";
				FRAMEWORK_SEARCH_PATHS = (
					"$(SDKROOT)/Developer/Library/Frameworks",
					"$(inherited)",
				);
				GCC_PREPROCESSOR_DEFINITIONS = (
					"DEBUG=1",
					"$(inherited)",
				);
				INFOPLIST_FILE = "Pitch PerfectTests/Info.plist";
				LD_RUNPATH_SEARCH_PATHS = "$(inherited) @executable_path/Frameworks @loader_path/Frameworks";
				PRODUCT_BUNDLE_IDENTIFIER = "com.gaw3.$(PRODUCT_NAME:rfc1034identifier)";
				PRODUCT_NAME = "$(TARGET_NAME)";
				TEST_HOST = "$(BUILT_PRODUCTS_DIR)/Pitch Perfect.app/Pitch Perfect";
			};
			name = Debug;
		};
		7A9BCE261B96F07000F18B9D /* Release */ = {
			isa = XCBuildConfiguration;
			buildSettings = {
				BUNDLE_LOADER = "$(TEST_HOST)";
				FRAMEWORK_SEARCH_PATHS = (
					"$(SDKROOT)/Developer/Library/Frameworks",
					"$(inherited)",
				);
				INFOPLIST_FILE = "Pitch PerfectTests/Info.plist";
				LD_RUNPATH_SEARCH_PATHS = "$(inherited) @executable_path/Frameworks @loader_path/Frameworks";
				PRODUCT_BUNDLE_IDENTIFIER = "com.gaw3.$(PRODUCT_NAME:rfc1034identifier)";
				PRODUCT_NAME = "$(TARGET_NAME)";
				TEST_HOST = "$(BUILT_PRODUCTS_DIR)/Pitch Perfect.app/Pitch Perfect";
			};
			name = Release;
		};
/* End XCBuildConfiguration section */

/* Begin XCConfigurationList section */
		7A9BCDFD1B96F07000F18B9D /* Build configuration list for PBXProject "Pitch Perfect" */ = {
			isa = XCConfigurationList;
			buildConfigurations = (
				7A9BCE1F1B96F07000F18B9D /* Debug */,
				7A9BCE201B96F07000F18B9D /* Release */,
			);
			defaultConfigurationIsVisible = 0;
			defaultConfigurationName = Release;
		};
		7A9BCE211B96F07000F18B9D /* Build configuration list for PBXNativeTarget "Pitch Perfect" */ = {
			isa = XCConfigurationList;
			buildConfigurations = (
				7A9BCE221B96F07000F18B9D /* Debug */,
				7A9BCE231B96F07000F18B9D /* Release */,
			);
			defaultConfigurationIsVisible = 0;
			defaultConfigurationName = Release;
		};
		7A9BCE241B96F07000F18B9D /* Build configuration list for PBXNativeTarget "Pitch PerfectTests" */ = {
			isa = XCConfigurationList;
			buildConfigurations = (
				7A9BCE251B96F07000F18B9D /* Debug */,
				7A9BCE261B96F07000F18B9D /* Release */,
			);
			defaultConfigurationIsVisible = 0;
			defaultConfigurationName = Release;
		};
/* End XCConfigurationList section */
	};
	rootObject = 7A9BCDFA1B96F07000F18B9D /* Project object */;
}
