// !$*UTF8*$!
{
	archiveVersion = 1;
	classes = {
	};
	objectVersion = 48;
	objects = {

/* Begin PBXBuildFile section */
		7A4C40D91C791E80001F6F4A /* UIViewControllerExtensions.swift in Sources */ = {isa = PBXBuildFile; fileRef = 7A4C40D81C791E80001F6F4A /* UIViewControllerExtensions.swift */; };
		7A6113081DF290F10012431F /* IBStrings.swift in Sources */ = {isa = PBXBuildFile; fileRef = 7A6113071DF290F10012431F /* IBStrings.swift */; };
		7A61130A1DF297880012431F /* AlertStrings.swift in Sources */ = {isa = PBXBuildFile; fileRef = 7A6113091DF297880012431F /* AlertStrings.swift */; };
		7AD99CE11C769AD400289866 /* RecordedAudio.swift in Sources */ = {isa = PBXBuildFile; fileRef = 7AD99CE01C769AD400289866 /* RecordedAudio.swift */; };
		7AD99CE31C769AFD00289866 /* PlaySoundsViewController.swift in Sources */ = {isa = PBXBuildFile; fileRef = 7AD99CE21C769AFD00289866 /* PlaySoundsViewController.swift */; };
		7AD99CE51C769B3A00289866 /* RecordSoundsViewController.swift in Sources */ = {isa = PBXBuildFile; fileRef = 7AD99CE41C769B3A00289866 /* RecordSoundsViewController.swift */; };
		7AD99CE91C769B6200289866 /* movie_quote.mp3 in Resources */ = {isa = PBXBuildFile; fileRef = 7AD99CE81C769B6200289866 /* movie_quote.mp3 */; };
		7AD99CEB1C769B7F00289866 /* Images.xcassets in Resources */ = {isa = PBXBuildFile; fileRef = 7AD99CEA1C769B7F00289866 /* Images.xcassets */; };
		7AD99CF11C769D1F00289866 /* AppDelegate.swift in Sources */ = {isa = PBXBuildFile; fileRef = 7AD99CF01C769D1F00289866 /* AppDelegate.swift */; };
		7AD99CF41C769DE700289866 /* Main.storyboard in Resources */ = {isa = PBXBuildFile; fileRef = 7AD99CF21C769DE700289866 /* Main.storyboard */; };
/* End PBXBuildFile section */

/* Begin PBXFileReference section */
		7A4C40D81C791E80001F6F4A /* UIViewControllerExtensions.swift */ = {isa = PBXFileReference; fileEncoding = 4; lastKnownFileType = sourcecode.swift; name = UIViewControllerExtensions.swift; path = PitchPerfect/UIViewControllerExtensions.swift; sourceTree = SOURCE_ROOT; };
		7A6113071DF290F10012431F /* IBStrings.swift */ = {isa = PBXFileReference; fileEncoding = 4; lastKnownFileType = sourcecode.swift; path = IBStrings.swift; sourceTree = SOURCE_ROOT; };
		7A6113091DF297880012431F /* AlertStrings.swift */ = {isa = PBXFileReference; fileEncoding = 4; lastKnownFileType = sourcecode.swift; path = AlertStrings.swift; sourceTree = SOURCE_ROOT; };
		7A9BCE021B96F07000F18B9D /* PitchPerfect.app */ = {isa = PBXFileReference; explicitFileType = wrapper.application; includeInIndex = 0; path = PitchPerfect.app; sourceTree = BUILT_PRODUCTS_DIR; };
		7AD99CE01C769AD400289866 /* RecordedAudio.swift */ = {isa = PBXFileReference; fileEncoding = 4; lastKnownFileType = sourcecode.swift; name = RecordedAudio.swift; path = PitchPerfect/RecordedAudio.swift; sourceTree = SOURCE_ROOT; };
		7AD99CE21C769AFD00289866 /* PlaySoundsViewController.swift */ = {isa = PBXFileReference; fileEncoding = 4; lastKnownFileType = sourcecode.swift; name = PlaySoundsViewController.swift; path = PitchPerfect/PlaySoundsViewController.swift; sourceTree = SOURCE_ROOT; };
		7AD99CE41C769B3A00289866 /* RecordSoundsViewController.swift */ = {isa = PBXFileReference; fileEncoding = 4; lastKnownFileType = sourcecode.swift; name = RecordSoundsViewController.swift; path = PitchPerfect/RecordSoundsViewController.swift; sourceTree = SOURCE_ROOT; };
		7AD99CE61C769B5000289866 /* Info.plist */ = {isa = PBXFileReference; fileEncoding = 4; lastKnownFileType = text.plist.xml; name = Info.plist; path = PitchPerfect/Info.plist; sourceTree = SOURCE_ROOT; };
		7AD99CE81C769B6200289866 /* movie_quote.mp3 */ = {isa = PBXFileReference; lastKnownFileType = audio.mp3; name = movie_quote.mp3; path = PitchPerfect/movie_quote.mp3; sourceTree = SOURCE_ROOT; };
		7AD99CEA1C769B7F00289866 /* Images.xcassets */ = {isa = PBXFileReference; lastKnownFileType = folder.assetcatalog; name = Images.xcassets; path = PitchPerfect/Images.xcassets; sourceTree = SOURCE_ROOT; };
		7AD99CF01C769D1F00289866 /* AppDelegate.swift */ = {isa = PBXFileReference; fileEncoding = 4; lastKnownFileType = sourcecode.swift; name = AppDelegate.swift; path = PitchPerfect/AppDelegate.swift; sourceTree = SOURCE_ROOT; };
		7AD99CF31C769DE700289866 /* Base */ = {isa = PBXFileReference; lastKnownFileType = file.storyboard; name = Base; path = PitchPerfect/Base.lproj/Main.storyboard; sourceTree = SOURCE_ROOT; };
/* End PBXFileReference section */

/* Begin PBXFrameworksBuildPhase section */
		7A9BCDFF1B96F07000F18B9D /* Frameworks */ = {
			isa = PBXFrameworksBuildPhase;
			buildActionMask = 2147483647;
			files = (
			);
			runOnlyForDeploymentPostprocessing = 0;
		};
/* End PBXFrameworksBuildPhase section */

/* Begin PBXGroup section */
		7A4C40DA1C792175001F6F4A /* Extensions */ = {
			isa = PBXGroup;
			children = (
				7A4C40D81C791E80001F6F4A /* UIViewControllerExtensions.swift */,
			);
			name = Extensions;
			sourceTree = "<group>";
		};
		7A63143C1C76FC3C00657A9B /* Controller */ = {
			isa = PBXGroup;
			children = (
				7AD99CE21C769AFD00289866 /* PlaySoundsViewController.swift */,
				7AD99CE41C769B3A00289866 /* RecordSoundsViewController.swift */,
			);
			name = Controller;
			sourceTree = "<group>";
		};
		7A63143D1C76FCA200657A9B /* Delegates */ = {
			isa = PBXGroup;
			children = (
				7AD99CF01C769D1F00289866 /* AppDelegate.swift */,
			);
			name = Delegates;
			sourceTree = "<group>";
		};
		7A63143E1C76FCC800657A9B /* Model */ = {
			isa = PBXGroup;
			children = (
				7AD99CE01C769AD400289866 /* RecordedAudio.swift */,
			);
			name = Model;
			sourceTree = "<group>";
		};
		7A63143F1C76FCF300657A9B /* View */ = {
			isa = PBXGroup;
			children = (
				7AD99CF21C769DE700289866 /* Main.storyboard */,
			);
			name = View;
			sourceTree = "<group>";
		};
		7A9BCDF91B96F07000F18B9D = {
			isa = PBXGroup;
			children = (
				7A9BCE041B96F07000F18B9D /* PitchPerfect */,
				7A9BCE031B96F07000F18B9D /* Products */,
			);
			sourceTree = "<group>";
		};
		7A9BCE031B96F07000F18B9D /* Products */ = {
			isa = PBXGroup;
			children = (
				7A9BCE021B96F07000F18B9D /* PitchPerfect.app */,
			);
			name = Products;
			sourceTree = "<group>";
		};
		7A9BCE041B96F07000F18B9D /* PitchPerfect */ = {
			isa = PBXGroup;
			children = (
				7A63143C1C76FC3C00657A9B /* Controller */,
				7A63143D1C76FCA200657A9B /* Delegates */,
				7A4C40DA1C792175001F6F4A /* Extensions */,
				7A63143E1C76FCC800657A9B /* Model */,
				7A9BCE051B96F07000F18B9D /* Resources */,
				7A63143F1C76FCF300657A9B /* View */,
			);
			name = PitchPerfect;
			path = "Pitch Perfect";
			sourceTree = "<group>";
		};
		7A9BCE051B96F07000F18B9D /* Resources */ = {
			isa = PBXGroup;
			children = (
				7AD99CEA1C769B7F00289866 /* Images.xcassets */,
				7AD99CE81C769B6200289866 /* movie_quote.mp3 */,
				7AD99CE61C769B5000289866 /* Info.plist */,
				7A6113071DF290F10012431F /* IBStrings.swift */,
				7A6113091DF297880012431F /* AlertStrings.swift */,
			);
			name = Resources;
			sourceTree = "<group>";
		};
/* End PBXGroup section */

/* Begin PBXNativeTarget section */
		7A9BCE011B96F07000F18B9D /* PitchPerfect */ = {
			isa = PBXNativeTarget;
			buildConfigurationList = 7A9BCE211B96F07000F18B9D /* Build configuration list for PBXNativeTarget "PitchPerfect" */;
			buildPhases = (
				7A9BCDFE1B96F07000F18B9D /* Sources */,
				7A9BCDFF1B96F07000F18B9D /* Frameworks */,
				7A9BCE001B96F07000F18B9D /* Resources */,
			);
			buildRules = (
			);
			dependencies = (
			);
			name = PitchPerfect;
			productName = "Pitch Perfect";
			productReference = 7A9BCE021B96F07000F18B9D /* PitchPerfect.app */;
			productType = "com.apple.product-type.application";
		};
/* End PBXNativeTarget section */

/* Begin PBXProject section */
		7A9BCDFA1B96F07000F18B9D /* Project object */ = {
			isa = PBXProject;
			attributes = {
				LastUpgradeCheck = 1130;
				ORGANIZATIONNAME = "Gregory White";
				TargetAttributes = {
					7A9BCE011B96F07000F18B9D = {
						CreatedOnToolsVersion = 6.4;
						DevelopmentTeam = G828UK7MUR;
						LastSwiftMigration = 0810;
					};
				};
			};
			buildConfigurationList = 7A9BCDFD1B96F07000F18B9D /* Build configuration list for PBXProject "PitchPerfect" */;
			compatibilityVersion = "Xcode 8.0";
			developmentRegion = en;
			hasScannedForEncodings = 0;
			knownRegions = (
				en,
				Base,
			);
			mainGroup = 7A9BCDF91B96F07000F18B9D;
			productRefGroup = 7A9BCE031B96F07000F18B9D /* Products */;
			projectDirPath = "";
			projectRoot = "";
			targets = (
				7A9BCE011B96F07000F18B9D /* PitchPerfect */,
			);
		};
/* End PBXProject section */

/* Begin PBXResourcesBuildPhase section */
		7A9BCE001B96F07000F18B9D /* Resources */ = {
			isa = PBXResourcesBuildPhase;
			buildActionMask = 2147483647;
			files = (
				7AD99CEB1C769B7F00289866 /* Images.xcassets in Resources */,
				7AD99CE91C769B6200289866 /* movie_quote.mp3 in Resources */,
				7AD99CF41C769DE700289866 /* Main.storyboard in Resources */,
			);
			runOnlyForDeploymentPostprocessing = 0;
		};
/* End PBXResourcesBuildPhase section */

/* Begin PBXSourcesBuildPhase section */
		7A9BCDFE1B96F07000F18B9D /* Sources */ = {
			isa = PBXSourcesBuildPhase;
			buildActionMask = 2147483647;
			files = (
				7AD99CE31C769AFD00289866 /* PlaySoundsViewController.swift in Sources */,
				7A6113081DF290F10012431F /* IBStrings.swift in Sources */,
				7A61130A1DF297880012431F /* AlertStrings.swift in Sources */,
				7AD99CE51C769B3A00289866 /* RecordSoundsViewController.swift in Sources */,
				7A4C40D91C791E80001F6F4A /* UIViewControllerExtensions.swift in Sources */,
				7AD99CF11C769D1F00289866 /* AppDelegate.swift in Sources */,
				7AD99CE11C769AD400289866 /* RecordedAudio.swift in Sources */,
			);
			runOnlyForDeploymentPostprocessing = 0;
		};
/* End PBXSourcesBuildPhase section */

/* Begin PBXVariantGroup section */
		7AD99CF21C769DE700289866 /* Main.storyboard */ = {
			isa = PBXVariantGroup;
			children = (
				7AD99CF31C769DE700289866 /* Base */,
			);
			name = Main.storyboard;
			sourceTree = "<group>";
		};
/* End PBXVariantGroup section */

/* Begin XCBuildConfiguration section */
		7A9BCE1F1B96F07000F18B9D /* Debug */ = {
			isa = XCBuildConfiguration;
			buildSettings = {
				ALWAYS_SEARCH_USER_PATHS = NO;
				CLANG_ANALYZER_LOCALIZABILITY_NONLOCALIZED = YES;
				CLANG_CXX_LANGUAGE_STANDARD = "gnu++0x";
				CLANG_CXX_LIBRARY = "libc++";
				CLANG_ENABLE_MODULES = YES;
				CLANG_ENABLE_OBJC_ARC = YES;
				CLANG_WARN_BLOCK_CAPTURE_AUTORELEASING = YES;
				CLANG_WARN_BOOL_CONVERSION = YES;
				CLANG_WARN_COMMA = YES;
				CLANG_WARN_CONSTANT_CONVERSION = YES;
				CLANG_WARN_DEPRECATED_OBJC_IMPLEMENTATIONS = YES;
				CLANG_WARN_DIRECT_OBJC_ISA_USAGE = YES_ERROR;
				CLANG_WARN_EMPTY_BODY = YES;
				CLANG_WARN_ENUM_CONVERSION = YES;
				CLANG_WARN_INFINITE_RECURSION = YES;
				CLANG_WARN_INT_CONVERSION = YES;
				CLANG_WARN_NON_LITERAL_NULL_CONVERSION = YES;
				CLANG_WARN_OBJC_IMPLICIT_RETAIN_SELF = YES;
				CLANG_WARN_OBJC_LITERAL_CONVERSION = YES;
				CLANG_WARN_OBJC_ROOT_CLASS = YES_ERROR;
				CLANG_WARN_RANGE_LOOP_ANALYSIS = YES;
				CLANG_WARN_STRICT_PROTOTYPES = YES;
				CLANG_WARN_SUSPICIOUS_MOVE = YES;
				CLANG_WARN_UNREACHABLE_CODE = YES;
				CLANG_WARN__DUPLICATE_METHOD_MATCH = YES;
				"CODE_SIGN_IDENTITY[sdk=iphoneos*]" = "iPhone Developer";
				COPY_PHASE_STRIP = NO;
				DEBUG_INFORMATION_FORMAT = "dwarf-with-dsym";
				ENABLE_STRICT_OBJC_MSGSEND = YES;
				ENABLE_TESTABILITY = YES;
				GCC_C_LANGUAGE_STANDARD = gnu99;
				GCC_DYNAMIC_NO_PIC = NO;
				GCC_NO_COMMON_BLOCKS = YES;
				GCC_OPTIMIZATION_LEVEL = 0;
				GCC_PREPROCESSOR_DEFINITIONS = (
					"DEBUG=1",
					"$(inherited)",
				);
				GCC_SYMBOLS_PRIVATE_EXTERN = NO;
				GCC_WARN_64_TO_32_BIT_CONVERSION = YES;
				GCC_WARN_ABOUT_RETURN_TYPE = YES_ERROR;
				GCC_WARN_UNDECLARED_SELECTOR = YES;
				GCC_WARN_UNINITIALIZED_AUTOS = YES_AGGRESSIVE;
				GCC_WARN_UNUSED_FUNCTION = YES;
				GCC_WARN_UNUSED_VARIABLE = YES;
				IPHONEOS_DEPLOYMENT_TARGET = 13.2;
				MTL_ENABLE_DEBUG_INFO = YES;
				ONLY_ACTIVE_ARCH = YES;
				SDKROOT = iphoneos;
				SWIFT_OPTIMIZATION_LEVEL = "-Onone";
			};
			name = Debug;
		};
		7A9BCE201B96F07000F18B9D /* Release */ = {
			isa = XCBuildConfiguration;
			buildSettings = {
				ALWAYS_SEARCH_USER_PATHS = NO;
				CLANG_ANALYZER_LOCALIZABILITY_NONLOCALIZED = YES;
				CLANG_CXX_LANGUAGE_STANDARD = "gnu++0x";
				CLANG_CXX_LIBRARY = "libc++";
				CLANG_ENABLE_MODULES = YES;
				CLANG_ENABLE_OBJC_ARC = YES;
				CLANG_WARN_BLOCK_CAPTURE_AUTORELEASING = YES;
				CLANG_WARN_BOOL_CONVERSION = YES;
				CLANG_WARN_COMMA = YES;
				CLANG_WARN_CONSTANT_CONVERSION = YES;
				CLANG_WARN_DEPRECATED_OBJC_IMPLEMENTATIONS = YES;
				CLANG_WARN_DIRECT_OBJC_ISA_USAGE = YES_ERROR;
				CLANG_WARN_EMPTY_BODY = YES;
				CLANG_WARN_ENUM_CONVERSION = YES;
				CLANG_WARN_INFINITE_RECURSION = YES;
				CLANG_WARN_INT_CONVERSION = YES;
				CLANG_WARN_NON_LITERAL_NULL_CONVERSION = YES;
				CLANG_WARN_OBJC_IMPLICIT_RETAIN_SELF = YES;
				CLANG_WARN_OBJC_LITERAL_CONVERSION = YES;
				CLANG_WARN_OBJC_ROOT_CLASS = YES_ERROR;
				CLANG_WARN_RANGE_LOOP_ANALYSIS = YES;
				CLANG_WARN_STRICT_PROTOTYPES = YES;
				CLANG_WARN_SUSPICIOUS_MOVE = YES;
				CLANG_WARN_UNREACHABLE_CODE = YES;
				CLANG_WARN__DUPLICATE_METHOD_MATCH = YES;
				"CODE_SIGN_IDENTITY[sdk=iphoneos*]" = "iPhone Developer";
				COPY_PHASE_STRIP = NO;
				DEBUG_INFORMATION_FORMAT = "dwarf-with-dsym";
				ENABLE_NS_ASSERTIONS = NO;
				ENABLE_STRICT_OBJC_MSGSEND = YES;
				GCC_C_LANGUAGE_STANDARD = gnu99;
				GCC_NO_COMMON_BLOCKS = YES;
				GCC_WARN_64_TO_32_BIT_CONVERSION = YES;
				GCC_WARN_ABOUT_RETURN_TYPE = YES_ERROR;
				GCC_WARN_UNDECLARED_SELECTOR = YES;
				GCC_WARN_UNINITIALIZED_AUTOS = YES_AGGRESSIVE;
				GCC_WARN_UNUSED_FUNCTION = YES;
				GCC_WARN_UNUSED_VARIABLE = YES;
				IPHONEOS_DEPLOYMENT_TARGET = 13.2;
				MTL_ENABLE_DEBUG_INFO = NO;
				SDKROOT = iphoneos;
				SWIFT_OPTIMIZATION_LEVEL = "-Owholemodule";
				VALIDATE_PRODUCT = YES;
			};
			name = Release;
		};
		7A9BCE221B96F07000F18B9D /* Debug */ = {
			isa = XCBuildConfiguration;
			buildSettings = {
				ASSETCATALOG_COMPILER_APPICON_NAME = AppIcon;
				CODE_SIGN_IDENTITY = "iPhone Developer";
				CURRENT_PROJECT_VERSION = 1234;
				DEVELOPMENT_TEAM = G828UK7MUR;
				INFOPLIST_FILE = "$(SRCROOT)/PitchPerfect/Info.plist";
				IPHONEOS_DEPLOYMENT_TARGET = 13.2;
				LD_RUNPATH_SEARCH_PATHS = "$(inherited) @executable_path/Frameworks";
				MARKETING_VERSION = 3.0;
				PRODUCT_BUNDLE_IDENTIFIER = com.gaw3.PitchPerfect;
				PRODUCT_NAME = PitchPerfect;
				SWIFT_VERSION = 5.0;
			};
			name = Debug;
		};
		7A9BCE231B96F07000F18B9D /* Release */ = {
			isa = XCBuildConfiguration;
			buildSettings = {
				ASSETCATALOG_COMPILER_APPICON_NAME = AppIcon;
				CODE_SIGN_IDENTITY = "iPhone Developer";
				CURRENT_PROJECT_VERSION = 1234;
				DEVELOPMENT_TEAM = G828UK7MUR;
				INFOPLIST_FILE = "$(SRCROOT)/PitchPerfect/Info.plist";
				IPHONEOS_DEPLOYMENT_TARGET = 13.2;
				LD_RUNPATH_SEARCH_PATHS = "$(inherited) @executable_path/Frameworks";
				MARKETING_VERSION = 3.0;
				PRODUCT_BUNDLE_IDENTIFIER = com.gaw3.PitchPerfect;
				PRODUCT_NAME = PitchPerfect;
				SWIFT_VERSION = 5.0;
			};
			name = Release;
		};
/* End XCBuildConfiguration section */

/* Begin XCConfigurationList section */
		7A9BCDFD1B96F07000F18B9D /* Build configuration list for PBXProject "PitchPerfect" */ = {
			isa = XCConfigurationList;
			buildConfigurations = (
				7A9BCE1F1B96F07000F18B9D /* Debug */,
				7A9BCE201B96F07000F18B9D /* Release */,
			);
			defaultConfigurationIsVisible = 0;
			defaultConfigurationName = Release;
		};
		7A9BCE211B96F07000F18B9D /* Build configuration list for PBXNativeTarget "PitchPerfect" */ = {
			isa = XCConfigurationList;
			buildConfigurations = (
				7A9BCE221B96F07000F18B9D /* Debug */,
				7A9BCE231B96F07000F18B9D /* Release */,
			);
			defaultConfigurationIsVisible = 0;
			defaultConfigurationName = Release;
		};
/* End XCConfigurationList section */
	};
	rootObject = 7A9BCDFA1B96F07000F18B9D /* Project object */;
}
